
Microsoft Visual Studio Solution File, Format Version 12.00
# Visual Studio Version 17
VisualStudioVersion = 17.6.33829.357
MinimumVisualStudioVersion = 10.0.40219.1
Project("{FAE04EC0-301F-11D3-BF4B-00C04F79EFBC}") = "gittest1", "gittest1\gittest1.csproj", "{1B6DB6B8-8DB3-49BF-95E9-211748EE4691}"
EndProject
Global
	GlobalSection(SolutionConfigurationPlatforms) = preSolution
		Debug|Any CPU = Debug|Any CPU
		Release|Any CPU = Release|Any CPU
	EndGlobalSection
	GlobalSection(ProjectConfigurationPlatforms) = postSolution
		{1B6DB6B8-8DB3-49BF-95E9-211748EE4691}.Debug|Any CPU.ActiveCfg = Debug|Any CPU
		{1B6DB6B8-8DB3-49BF-95E9-211748EE4691}.Debug|Any CPU.Build.0 = Debug|Any CPU
		{1B6DB6B8-8DB3-49BF-95E9-211748EE4691}.Release|Any CPU.ActiveCfg = Release|Any CPU
		{1B6DB6B8-8DB3-49BF-95E9-211748EE4691}.Release|Any CPU.Build.0 = Release|Any CPU
	EndGlobalSection
	GlobalSection(SolutionProperties) = preSolution
		HideSolutionNode = FALSE
	EndGlobalSection
	GlobalSection(ExtensibilityGlobals) = postSolution
		SolutionGuid = {E939AC01-7CCC-43A7-877F-0F2B49204C34}
	EndGlobalSection
EndGlobal
